{
  "name": "vllm-studio",
  "lockfileVersion": 3,
  "requires": true,
  "packages": {
    "": {
      "dependencies": {
        "cerebras-cli": "^1.0.162"
      }
    },
    "node_modules/cerebras-cli": {
      "version": "1.0.162",
      "resolved": "https://registry.npmjs.org/cerebras-cli/-/cerebras-cli-1.0.162.tgz",
      "integrity": "sha512-2si7H6gHRbB7BUid7dDoFKa4c0t+ER+7Hcmkr0oeWBqPPkf7ZpINIqsN59HfzVQWC5NT/HErxKLDUmpuelzn5g==",
      "bin": {
        "cerebras-cli": "bin/cerebras-cli.cjs"
      },
      "optionalDependencies": {
        "cerebras-cli-darwin-arm64": "1.0.162",
        "cerebras-cli-darwin-x64": "1.0.162",
        "cerebras-cli-linux-arm64": "1.0.162",
        "cerebras-cli-linux-arm64-musl": "1.0.162",
        "cerebras-cli-linux-x64": "1.0.162",
        "cerebras-cli-linux-x64-baseline": "1.0.162",
        "cerebras-cli-linux-x64-baseline-musl": "1.0.162",
        "cerebras-cli-linux-x64-musl": "1.0.162",
        "cerebras-cli-windows-x64": "1.0.162"
      }
    },
    "node_modules/cerebras-cli-darwin-arm64": {
      "version": "1.0.162",
      "resolved": "https://registry.npmjs.org/cerebras-cli-darwin-arm64/-/cerebras-cli-darwin-arm64-1.0.162.tgz",
      "integrity": "sha512-69JqNOL5Xz7C6uq/y4S4x8dtzYzroNSNXmGIz9WNTq+a0Nr1ApPD40oY802e3RX+WAmDFrKIcmLC9TuR2jiFJg==",
      "cpu": [
        "arm64"
      ],
      "optional": true,
      "os": [
        "darwin"
      ]
    },
    "node_modules/cerebras-cli-darwin-x64": {
      "version": "1.0.162",
      "resolved": "https://registry.npmjs.org/cerebras-cli-darwin-x64/-/cerebras-cli-darwin-x64-1.0.162.tgz",
      "integrity": "sha512-JW1EyG4xVXGqj14FrDgzfIZBS+5IoVEajL/ts2mEcqVRBidOdcoofX3+x/lknErwQt8lwIHyGZK+7T1uUHx+XA==",
      "cpu": [
        "x64"
      ],
      "optional": true,
      "os": [
        "darwin"
      ]
    },
    "node_modules/cerebras-cli-linux-arm64": {
      "version": "1.0.162",
      "resolved": "https://registry.npmjs.org/cerebras-cli-linux-arm64/-/cerebras-cli-linux-arm64-1.0.162.tgz",
      "integrity": "sha512-kQ/D8qUgbGq1CmRosaRQIZvgGImzwmwiLCQ7aIJ/5hCvBhB8iVnesbtz2+OdcRQgFDGdrg6eqlCTZuimzNDfnQ==",
      "cpu": [
        "arm64"
      ],
      "optional": true,
      "os": [
        "linux"
      ]
    },
    "node_modules/cerebras-cli-linux-x64": {
      "version": "1.0.162",
      "resolved": "https://registry.npmjs.org/cerebras-cli-linux-x64/-/cerebras-cli-linux-x64-1.0.162.tgz",
      "integrity": "sha512-+FEAJIXRIbCJRPUVGHjd4Y6xDOlppIVXI5HE/+Q5bqvxF6L6xawIjGjwys41SoM/Zb7Pq4SkWJGAylrj5/O/rg==",
      "cpu": [
        "x64"
      ],
      "optional": true,
      "os": [
        "linux"
      ]
    },
    "node_modules/cerebras-cli-windows-x64": {
      "version": "1.0.162",
      "resolved": "https://registry.npmjs.org/cerebras-cli-windows-x64/-/cerebras-cli-windows-x64-1.0.162.tgz",
      "integrity": "sha512-sRxw4K3rMw9deoLyArPfDEZGbvR6wWjpOk2QXLGkO+obrFUjjMC2r4/9P5igQJOX24xrtZnef1B9ALvRQXyg1A==",
      "cpu": [
        "x64"
      ],
      "optional": true,
      "os": [
        "win32"
      ]
    }
  }
}
